Microsoft Visual Studio Solution File, Format Version 11.00
# Visual Studio 2008

Project("{C317AE8A-089A-B797-8998-40E63396F1C0}") = "BugKiller 2", "Assembly-CSharp-firstpass-vs.csproj", "{0658EA21-6557-F2CD-5263-A8647B6C87B7}"
EndProject
Project("{C317AE8A-089A-B797-8998-40E63396F1C0}") = "BugKiller 2", "Assembly-CSharp-vs.csproj", "{36BA8304-9B9F-CC81-ADCA-184A048C6834}"
EndProject
Project("{C317AE8A-089A-B797-8998-40E63396F1C0}") = "BugKiller 2", "Assembly-CSharp-Editor-vs.csproj", "{B8178BB9-0642-0557-BEC3-2FA00B235F93}"
EndProject
Global
	GlobalSection(SolutionConfigurationPlatforms) = preSolution
		Debug|Any CPU = Debug|Any CPU
		Release|Any CPU = Release|Any CPU
	EndGlobalSection
	GlobalSection(ProjectConfigurationPlatforms) = postSolution
		{0658EA21-6557-F2CD-5263-A8647B6C87B7}.Debug|Any CPU.ActiveCfg = Debug|Any CPU
		{0658EA21-6557-F2CD-5263-A8647B6C87B7}.Debug|Any CPU.Build.0 = Debug|Any CPU
		{0658EA21-6557-F2CD-5263-A8647B6C87B7}.Release|Any CPU.ActiveCfg = Release|Any CPU
		{0658EA21-6557-F2CD-5263-A8647B6C87B7}.Release|Any CPU.Build.0 = Release|Any CPU
		{36BA8304-9B9F-CC81-ADCA-184A048C6834}.Debug|Any CPU.ActiveCfg = Debug|Any CPU
		{36BA8304-9B9F-CC81-ADCA-184A048C6834}.Debug|Any CPU.Build.0 = Debug|Any CPU
		{36BA8304-9B9F-CC81-ADCA-184A048C6834}.Release|Any CPU.ActiveCfg = Release|Any CPU
		{36BA8304-9B9F-CC81-ADCA-184A048C6834}.Release|Any CPU.Build.0 = Release|Any CPU
		{B8178BB9-0642-0557-BEC3-2FA00B235F93}.Debug|Any CPU.ActiveCfg = Debug|Any CPU
		{B8178BB9-0642-0557-BEC3-2FA00B235F93}.Debug|Any CPU.Build.0 = Debug|Any CPU
		{B8178BB9-0642-0557-BEC3-2FA00B235F93}.Release|Any CPU.ActiveCfg = Release|Any CPU
		{B8178BB9-0642-0557-BEC3-2FA00B235F93}.Release|Any CPU.Build.0 = Release|Any CPU
	EndGlobalSection
	GlobalSection(SolutionProperties) = preSolution
		HideSolutionNode = FALSE
	EndGlobalSection
				GlobalSection(MonoDevelopProperties) = preSolution
		StartupItem = Assembly-CSharp.csproj
		Policies = $0
		$0.TextStylePolicy = $1
		$1.inheritsSet = null
		$1.scope = text/x-csharp
		$0.CSharpFormattingPolicy = $2
		$2.inheritsSet = Mono
		$2.inheritsScope = text/x-csharp
		$2.scope = text/x-csharp
		$0.TextStylePolicy = $3
		$3.FileWidth = 120
		$3.TabWidth = 4
		$3.EolMarker = Unix
		$3.inheritsSet = Mono
		$3.inheritsScope = text/plain
		$3.scope = text/plain
	EndGlobalSection

EndGlobal
